# This file is autogenerated, do not edit; changes may be undone by the next 'dep ensure'.


[[projects]]
  name = "github.com/BurntSushi/toml"
  packages = ["."]
  revision = "3012a1dbe2e4bd1391d42b32f0577cb7bbc7f005"
  version = "v0.3.1"

[[projects]]
  name = "github.com/gobuffalo/buffalo-plugins"
  packages = [
    "plugins",
    "plugins/plugdeps"
  ]
  revision = "f34e38fbc353e263d53fec0fd045bd466d3ea315"
  version = "v1.13.0"

[[projects]]
  name = "github.com/gobuffalo/envy"
  packages = ["."]
  revision = "fa0dfdc10b5366ce365b7d9d1755a03e4e797bc5"
  version = "v1.6.15"

[[projects]]
  name = "github.com/gobuffalo/events"
  packages = ["."]
  revision = "7405490b2bb796f2d6aaea94f4c8692e67aa7086"
  version = "v1.2.0"

[[projects]]
  name = "github.com/gobuffalo/flect"
  packages = [
    ".",
    "name"
  ]
  revision = "d4fc286952bf96d0262a67b482e234613ae36f59"
  version = "v0.1.0"

[[projects]]
  branch = "master"
  name = "github.com/gobuffalo/genny"
  packages = [
    ".",
    "movinglater/gotools"
  ]
  revision = "c950828063420c665a1d418b75936fe5097d1684"

[[projects]]
  branch = "master"
  name = "github.com/gobuffalo/gogen"
  packages = [
    ".",
    "goimports",
    "gomods"
  ]
  revision = "d32a17ad97612611181a33e577e0f8ebc65858c5"

[[projects]]
  branch = "master"
  name = "github.com/gobuffalo/logger"
  packages = ["."]
  revision = "5b956e21995cbed3ab29e4901f9e746a6a1d53bb"

[[projects]]
  name = "github.com/gobuffalo/mapi"
  packages = ["."]
  revision = "09ac528b16b7e871fe0f14d4867a07820a30a14b"
  version = "v1.0.1"

[[projects]]
  branch = "master"
  name = "github.com/gobuffalo/meta"
  packages = ["."]
  revision = "50a99e08b8cf340b099048d2ad70bf525f2e16a7"

[[projects]]
  branch = "master"
  name = "github.com/gobuffalo/packd"
  packages = ["."]
  revision = "eca3b8fd66872a76119b189bbe0f58f776a2a39f"

[[projects]]
  name = "github.com/gobuffalo/packr"
  packages = [
    "v2",
    "v2/file",
    "v2/file/resolver",
    "v2/file/resolver/encoding/hex",
    "v2/jam/parser",
    "v2/plog"
  ]
  revision = "d93b0e17023e6fa58f86d547bdc551837df1daa8"
  version = "v2.0.1"

[[projects]]
  branch = "master"
  name = "github.com/gobuffalo/syncx"
  packages = ["."]
  revision = "558ac7de985fc4f4057bff27c7bdf99e92fe0750"

[[projects]]
  name = "github.com/inconshreveable/mousetrap"
  packages = ["."]
  revision = "76626ae9c91c4f2a10f34cad8ce83ea42c93bb75"
  version = "v1.0"

[[projects]]
  name = "github.com/joho/godotenv"
  packages = ["."]
  revision = "23d116af351c84513e1946b527c88823e476be13"
  version = "v1.3.0"

[[projects]]
  name = "github.com/karrick/godirwalk"
  packages = ["."]
  revision = "dfb93c3b8093779973bb5ace7d7f7666b99d4298"
  version = "v1.7.8"

[[projects]]
  name = "github.com/konsorten/go-windows-terminal-sequences"
  packages = ["."]
  revision = "5c8c8bd35d3832f5d134ae1e1e375b69a4d25242"
  version = "v1.0.1"

[[projects]]
  branch = "master"
  name = "github.com/markbates/oncer"
  packages = ["."]
  revision = "bf2de49a0be218916e69a11d22866e6cd0a560f2"

[[projects]]
  name = "github.com/markbates/safe"
  packages = ["."]
  revision = "6fea05a5732486546a4836b7a1d596c5ec687b98"
  version = "v1.0.1"

[[projects]]
  name = "github.com/pkg/errors"
  packages = ["."]
  revision = "ba968bfe8b2f7e042a574c888954fccecfa385b4"
  version = "v0.8.1"

[[projects]]
  name = "github.com/rogpeppe/go-internal"
  packages = [
    "modfile",
    "module",
    "semver"
  ]
  revision = "1cf9852c553c5b7da2d5a4a091129a7822fed0c9"
  version = "v1.2.2"

[[projects]]
  name = "github.com/sirupsen/logrus"
  packages = ["."]
  revision = "e1e72e9de974bd926e5c56f83753fba2df402ce5"
  version = "v1.3.0"

[[projects]]
  name = "github.com/spf13/cobra"
  packages = ["."]
  revision = "ef82de70bb3f60c65fb8eebacbb2d122ef517385"
  version = "v0.0.3"

[[projects]]
  name = "github.com/spf13/pflag"
  packages = ["."]
  revision = "298182f68c66c05229eb03ac171abe6e309ee79a"
  version = "v1.0.3"

[[projects]]
  branch = "master"
  name = "golang.org/x/crypto"
  packages = ["ssh/terminal"]
  revision = "a4c6cb3142f211c99e4bf4cd769535b29a9b616f"

[[projects]]
  branch = "master"
  name = "golang.org/x/sys"
  packages = [
    "unix",
    "windows"
  ]
  revision = "b4e8571b14e03cc164df06f72b640ebce3899579"

[[projects]]
  branch = "master"
  name = "golang.org/x/tools"
  packages = [
    "go/ast/astutil",
    "go/gcexportdata",
    "go/internal/cgo",
    "go/internal/gcimporter",
    "go/internal/packagesdriver",
    "go/packages",
    "go/types/typeutil",
    "imports",
    "internal/fastwalk",
    "internal/gopathwalk",
    "internal/module",
    "internal/semver"
  ]
  revision = "a754db16a40a9d94359b6600b825419c0ca6f986"

[[projects]]
  name = "gopkg.in/yaml.v2"
  packages = ["."]
  revision = "51d6538a90f86fe93ac480b35f37b2be17fef232"
  version = "v2.2.2"

[solve-meta]
  analyzer-name = "dep"
  analyzer-version = 1
  inputs-digest = "fe449049403b85079664e51c6b00aa062ee48da20c0a83814d8ddb24076bb435"
  solver-name = "gps-cdcl"
  solver-version = 1
